github.com/davecgh/go-spew v1.1.0/go.mod h1:J7Y8YcW2NihsgmVo/mv3lAwl/skON4iLHjSsI+c5H38=
github.com/davecgh/go-spew v1.1.1 h1:vj9j/u1bqnvCEfJOwUhtlOARqs3+rkHYY13jYWTU97c=
github.com/davecgh/go-spew v1.1.1/go.mod h1:J7Y8YcW2NihsgmVo/mv3lAwl/skON4iLHjSsI+c5H38=
github.com/golang-infrastructure/go-if-expression v0.0.2 h1:7xS0/6jNsWSz++xIhxc/gfAfCoDAeBzwxCBhDjQwMRI=
github.com/golang-infrastructure/go-if-expression v0.0.2/go.mod h1:U4ZtU29/RtZ/cM0tAdBzFaFxENFShSFj+jCRFRE/cv4=
github.com/golang-infrastructure/go-if-expression v0.0.3-0.20221124070017-226ba337db7e h1:4yU+QAH4dGtcEKyes++e8NG4dtDRUOPMsLYZ1XDzBMQ=
github.com/golang-infrastructure/go-if-expression v0.0.3-0.20221124070017-226ba337db7e/go.mod h1:U4ZtU29/RtZ/cM0tAdBzFaFxENFShSFj+jCRFRE/cv4=
github.com/golang-infrastructure/go-if-expression v0.0.3-0.20221205164245-e3b4693b143e h1:5WPpw5hUMrKTCQ6O3fGBsyVgohxTRpOVvCwkn/e4IEI=
github.com/golang-infrastructure/go-if-expression v0.0.3-0.20221205164245-e3b4693b143e/go.mod h1:U4ZtU29/RtZ/cM0tAdBzFaFxENFShSFj+jCRFRE/cv4=
github.com/golang-infrastructure/go-reflect-utils v0.0.0-20221130143747-965ef2eb09c3 h1:jJ7AdpNdLQudsx1hiXY9iwmauHARV4/UB52KnBh9Se0=
github.com/golang-infrastructure/go-reflect-utils v0.0.0-20221130143747-965ef2eb09c3/go.mod h1:zqXYxqOBa1mL2ilBK6PuH/Wb/Iego7en6XhiKWdZQHI=
github.com/golang-infrastructure/go-stack v0.0.2 h1:1F+F4/s2YlAW9NI8zc4jl90WrqLlXsWfCstBRpPvVl4=
github.com/golang-infrastructure/go-stack v0.0.2/go.mod h1:m7RdZjsmlvHogbsiovh1uxvxVhwzJdNsrYh1BxdcFrQ=
github.com/golang-infrastructure/go-tuple v0.0.0-20221130155202-9802def37975 h1:jjUSqOSj/U15UtJldfzW/mzQlEVM/hRQgV4VnJzKWt4=
github.com/golang-infrastructure/go-tuple v0.0.0-20221130155202-9802def37975/go.mod h1:cn8fHK0Sjxh7nSrnNpRa9wi1wIsmBLsjOip4LTjQz+Q=
github.com/pmezard/go-difflib v1.0.0 h1:4DBwDE0NGyQoBHbLQYPwSUPoCMWR5BEzIk/f1lZbAQM=
github.com/pmezard/go-difflib v1.0.0/go.mod h1:iKH77koFhYxTK1pcRnkKkqfTogsbg7gZNVY4sRDYZ/4=
github.com/stretchr/objx v0.1.0/go.mod h1:HFkY916IF+rwdDfMAkV7OtwuqBVzrE8GR6GFx+wExME=
github.com/stretchr/objx v0.4.0/go.mod h1:YvHI0jy2hoMjB+UWwv71VJQ9isScKT/TqJzVSSt89Yw=
github.com/stretchr/objx v0.5.0 h1:1zr/of2m5FGMsad5YfcqgdqdWrIhu+EBEJRhR1U7z/c=
github.com/stretchr/objx v0.5.0/go.mod h1:Yh+to48EsGEfYuaHDzXPcE3xhTkx73EhmCGUpEOglKo=
github.com/stretchr/testify v1.7.1/go.mod h1:6Fq8oRcR53rry900zMqJjRRixrwX3KX962/h/Wwjteg=
github.com/stretchr/testify v1.8.0/go.mod h1:yNjHg4UonilssWZ8iaSj1OCr/vHnekPRkoO+kdMU+MU=
github.com/stretchr/testify v1.8.1 h1:w7B6lhMri9wdJUVmEZPGGhZzrYTPvgJArz7wNPgYKsk=
github.com/stretchr/testify v1.8.1/go.mod h1:w2LPCIKwWwSfY2zedu0+kehJoqGctiVI29o6fzry7u4=
gopkg.in/check.v1 v0.0.0-20161208181325-20d25e280405/go.mod h1:Co6ibVJAznAaIkqp8huTwlJQCZ016jof/cbN4VW5Yz0=
gopkg.in/yaml.v3 v3.0.0-20200313102051-9f266ea9e77c/go.mod h1:K4uyk7z7BCEPqu6E+C64Yfv1cQ7kz7rIZviUmN+EgEM=
gopkg.in/yaml.v3 v3.0.1 h1:fxVm/GzAzEWqLHuvctI91KS9hhNmmWOoWu0XTYJS7CA=
gopkg.in/yaml.v3 v3.0.1/go.mod h1:K4uyk7z7BCEPqu6E+C64Yfv1cQ7kz7rIZviUmN+EgEM=
